
Microsoft Visual Studio Solution File, Format Version 12.00
# Visual Studio 15
VisualStudioVersion = 15.0.27703.2000
MinimumVisualStudioVersion = 10.0.40219.1
Project("{9A19103F-16F7-4668-BE54-9A1E7A4F7556}") = "iotApi", "iotApi.csproj", "{8E31D8F2-2255-4C9A-8F00-A66E20B9A368}"
EndProject
Global
	GlobalSection(SolutionConfigurationPlatforms) = preSolution
		Debug|Any CPU = Debug|Any CPU
		Release|Any CPU = Release|Any CPU
	EndGlobalSection
	GlobalSection(ProjectConfigurationPlatforms) = postSolution
		{8E31D8F2-2255-4C9A-8F00-A66E20B9A368}.Debug|Any CPU.ActiveCfg = Debug|Any CPU
		{8E31D8F2-2255-4C9A-8F00-A66E20B9A368}.Debug|Any CPU.Build.0 = Debug|Any CPU
		{8E31D8F2-2255-4C9A-8F00-A66E20B9A368}.Release|Any CPU.ActiveCfg = Release|Any CPU
		{8E31D8F2-2255-4C9A-8F00-A66E20B9A368}.Release|Any CPU.Build.0 = Release|Any CPU
	EndGlobalSection
	GlobalSection(SolutionProperties) = preSolution
		HideSolutionNode = FALSE
	EndGlobalSection
	GlobalSection(ExtensibilityGlobals) = postSolution
		SolutionGuid = {FE381480-4C1B-4728-A65C-27900E4547F4}
	EndGlobalSection
EndGlobal
